
Microsoft Visual Studio Solution File, Format Version 12.00
# Visual Studio Version 17
VisualStudioVersion = 17.11.35208.52
MinimumVisualStudioVersion = 10.0.40219.1
Project("{9A19103F-16F7-4668-BE54-9A1E7A4F7556}") = "WeatherService", "WeatherService\WeatherService.csproj", "{1E733FCF-99A6-465A-AF25-64EE999514D0}"
EndProject
Project("{FAE04EC0-301F-11D3-BF4B-00C04F79EFBC}") = "WeatherServiceTest", "WeatherServiceTest\WeatherServiceTest.csproj", "{BCE68D5F-8AEC-4115-905A-459B29258912}"
EndProject
Global
	GlobalSection(SolutionConfigurationPlatforms) = preSolution
		Debug|Any CPU = Debug|Any CPU
		Release|Any CPU = Release|Any CPU
	EndGlobalSection
	GlobalSection(ProjectConfigurationPlatforms) = postSolution
		{1E733FCF-99A6-465A-AF25-64EE999514D0}.Debug|Any CPU.ActiveCfg = Debug|Any CPU
		{1E733FCF-99A6-465A-AF25-64EE999514D0}.Debug|Any CPU.Build.0 = Debug|Any CPU
		{1E733FCF-99A6-465A-AF25-64EE999514D0}.Release|Any CPU.ActiveCfg = Release|Any CPU
		{1E733FCF-99A6-465A-AF25-64EE999514D0}.Release|Any CPU.Build.0 = Release|Any CPU
		{BCE68D5F-8AEC-4115-905A-459B29258912}.Debug|Any CPU.ActiveCfg = Debug|Any CPU
		{BCE68D5F-8AEC-4115-905A-459B29258912}.Debug|Any CPU.Build.0 = Debug|Any CPU
		{BCE68D5F-8AEC-4115-905A-459B29258912}.Release|Any CPU.ActiveCfg = Release|Any CPU
		{BCE68D5F-8AEC-4115-905A-459B29258912}.Release|Any CPU.Build.0 = Release|Any CPU
	EndGlobalSection
	GlobalSection(SolutionProperties) = preSolution
		HideSolutionNode = FALSE
	EndGlobalSection
	GlobalSection(ExtensibilityGlobals) = postSolution
		SolutionGuid = {AE12B0E4-6844-42B7-A7AD-3042991F2C99}
	EndGlobalSection
EndGlobal
